// !$*UTF8*$!
{
	archiveVersion = 1;
	classes = {
	};
	objectVersion = 50;
	objects = {

/* Begin PBXBuildFile section */
		951311FB21472EA60098668D /* Problems.cpp in Sources */ = {isa = PBXBuildFile; fileRef = 951311FA21472EA60098668D /* Problems.cpp */; };
		95137D3A2120B505002B6970 /* main.cpp in Sources */ = {isa = PBXBuildFile; fileRef = 95137D392120B505002B6970 /* main.cpp */; };
		95137D422120B568002B6970 /* GraphStructure.cpp in Sources */ = {isa = PBXBuildFile; fileRef = 95137D402120B568002B6970 /* GraphStructure.cpp */; };
		9517B96021AE7AD70000BC8D /* StackAlgorithm.cpp in Sources */ = {isa = PBXBuildFile; fileRef = 9517B95C21AE7AD70000BC8D /* StackAlgorithm.cpp */; };
		9517B96121AE7AD70000BC8D /* Backtracking.cpp in Sources */ = {isa = PBXBuildFile; fileRef = 9517B95D21AE7AD70000BC8D /* Backtracking.cpp */; };
		9517B96221AE7AD70000BC8D /* StringProblems.cpp in Sources */ = {isa = PBXBuildFile; fileRef = 9517B95E21AE7AD70000BC8D /* StringProblems.cpp */; };
		9517B96521B065B50000BC8D /* BinarySearch.cpp in Sources */ = {isa = PBXBuildFile; fileRef = 9517B96321B065B50000BC8D /* BinarySearch.cpp */; };
		95403753214EBF31003B1617 /* TreeDataStructure.cpp in Sources */ = {isa = PBXBuildFile; fileRef = 95403751214EBF31003B1617 /* TreeDataStructure.cpp */; };
		954DB2E821371603009E3EE5 /* Permutations.cpp in Sources */ = {isa = PBXBuildFile; fileRef = 954DB2E621371603009E3EE5 /* Permutations.cpp */; };
		954DB2EB2137168D009E3EE5 /* RecursionDynamicProgs.cpp in Sources */ = {isa = PBXBuildFile; fileRef = 954DB2E92137168D009E3EE5 /* RecursionDynamicProgs.cpp */; };
		954DB2F1213DB587009E3EE5 /* SortingAlgorithms.cpp in Sources */ = {isa = PBXBuildFile; fileRef = 954DB2EF213DB587009E3EE5 /* SortingAlgorithms.cpp */; };
		95879E95222A6626009594B2 /* ArrayAlgo.cpp in Sources */ = {isa = PBXBuildFile; fileRef = 95879E93222A6626009594B2 /* ArrayAlgo.cpp */; };
		95879E98222BAB50009594B2 /* PriorityQueue.cpp in Sources */ = {isa = PBXBuildFile; fileRef = 95879E96222BAB50009594B2 /* PriorityQueue.cpp */; };
		958DC62F221FB41C00E28C95 /* GraphTraversal.cpp in Sources */ = {isa = PBXBuildFile; fileRef = 958DC62E221FB41C00E28C95 /* GraphTraversal.cpp */; };
/* End PBXBuildFile section */

/* Begin PBXCopyFilesBuildPhase section */
		95137D342120B505002B6970 /* CopyFiles */ = {
			isa = PBXCopyFilesBuildPhase;
			buildActionMask = 2147483647;
			dstPath = /usr/share/man/man1/;
			dstSubfolderSpec = 0;
			files = (
			);
			runOnlyForDeploymentPostprocessing = 1;
		};
/* End PBXCopyFilesBuildPhase section */

/* Begin PBXFileReference section */
		951311FA21472EA60098668D /* Problems.cpp */ = {isa = PBXFileReference; lastKnownFileType = sourcecode.cpp.cpp; path = Problems.cpp; sourceTree = "<group>"; };
		95137D362120B505002B6970 /* Algorithms */ = {isa = PBXFileReference; explicitFileType = "compiled.mach-o.executable"; includeInIndex = 0; path = Algorithms; sourceTree = BUILT_PRODUCTS_DIR; };
		95137D392120B505002B6970 /* main.cpp */ = {isa = PBXFileReference; lastKnownFileType = sourcecode.cpp.cpp; path = main.cpp; sourceTree = "<group>"; };
		95137D402120B568002B6970 /* GraphStructure.cpp */ = {isa = PBXFileReference; fileEncoding = 4; lastKnownFileType = sourcecode.cpp.cpp; path = GraphStructure.cpp; sourceTree = "<group>"; usesTabs = 0; };
		95137D412120B568002B6970 /* GraphStructure.hpp */ = {isa = PBXFileReference; fileEncoding = 4; lastKnownFileType = sourcecode.cpp.h; path = GraphStructure.hpp; sourceTree = "<group>"; };
		9517B95B21AE7AD70000BC8D /* StackAlgorithm.h */ = {isa = PBXFileReference; fileEncoding = 4; lastKnownFileType = sourcecode.c.h; path = StackAlgorithm.h; sourceTree = "<group>"; };
		9517B95C21AE7AD70000BC8D /* StackAlgorithm.cpp */ = {isa = PBXFileReference; fileEncoding = 4; lastKnownFileType = sourcecode.cpp.cpp; path = StackAlgorithm.cpp; sourceTree = "<group>"; };
		9517B95D21AE7AD70000BC8D /* Backtracking.cpp */ = {isa = PBXFileReference; fileEncoding = 4; lastKnownFileType = sourcecode.cpp.cpp; path = Backtracking.cpp; sourceTree = "<group>"; };
		9517B95E21AE7AD70000BC8D /* StringProblems.cpp */ = {isa = PBXFileReference; fileEncoding = 4; lastKnownFileType = sourcecode.cpp.cpp; path = StringProblems.cpp; sourceTree = "<group>"; };
		9517B95F21AE7AD70000BC8D /* Backtracking.h */ = {isa = PBXFileReference; fileEncoding = 4; lastKnownFileType = sourcecode.c.h; path = Backtracking.h; sourceTree = "<group>"; };
		9517B96321B065B50000BC8D /* BinarySearch.cpp */ = {isa = PBXFileReference; fileEncoding = 4; lastKnownFileType = sourcecode.cpp.cpp; path = BinarySearch.cpp; sourceTree = "<group>"; };
		9517B96421B065B50000BC8D /* BinarySearch.h */ = {isa = PBXFileReference; fileEncoding = 4; lastKnownFileType = sourcecode.c.h; path = BinarySearch.h; sourceTree = "<group>"; };
		95403751214EBF31003B1617 /* TreeDataStructure.cpp */ = {isa = PBXFileReference; lastKnownFileType = sourcecode.cpp.cpp; path = TreeDataStructure.cpp; sourceTree = "<group>"; };
		95403752214EBF31003B1617 /* TreeDataStructure.hpp */ = {isa = PBXFileReference; lastKnownFileType = sourcecode.cpp.h; path = TreeDataStructure.hpp; sourceTree = "<group>"; };
		954DB2E521371603009E3EE5 /* ProblemHeaders.hpp */ = {isa = PBXFileReference; fileEncoding = 4; lastKnownFileType = sourcecode.cpp.h; path = ProblemHeaders.hpp; sourceTree = "<group>"; };
		954DB2E621371603009E3EE5 /* Permutations.cpp */ = {isa = PBXFileReference; fileEncoding = 4; lastKnownFileType = sourcecode.cpp.cpp; path = Permutations.cpp; sourceTree = "<group>"; };
		954DB2E721371603009E3EE5 /* Permutations.hpp */ = {isa = PBXFileReference; fileEncoding = 4; lastKnownFileType = sourcecode.cpp.h; path = Permutations.hpp; sourceTree = "<group>"; };
		954DB2E92137168D009E3EE5 /* RecursionDynamicProgs.cpp */ = {isa = PBXFileReference; lastKnownFileType = sourcecode.cpp.cpp; path = RecursionDynamicProgs.cpp; sourceTree = "<group>"; };
		954DB2EA2137168D009E3EE5 /* RecursionDynamicProgs.hpp */ = {isa = PBXFileReference; lastKnownFileType = sourcecode.cpp.h; path = RecursionDynamicProgs.hpp; sourceTree = "<group>"; };
		954DB2EF213DB587009E3EE5 /* SortingAlgorithms.cpp */ = {isa = PBXFileReference; lastKnownFileType = sourcecode.cpp.cpp; path = SortingAlgorithms.cpp; sourceTree = "<group>"; };
		954DB2F0213DB587009E3EE5 /* SortingAlgorithms.hpp */ = {isa = PBXFileReference; lastKnownFileType = sourcecode.cpp.h; path = SortingAlgorithms.hpp; sourceTree = "<group>"; };
		95879E93222A6626009594B2 /* ArrayAlgo.cpp */ = {isa = PBXFileReference; lastKnownFileType = sourcecode.cpp.cpp; path = ArrayAlgo.cpp; sourceTree = "<group>"; };
		95879E94222A6626009594B2 /* ArrayAlgo.hpp */ = {isa = PBXFileReference; lastKnownFileType = sourcecode.cpp.h; path = ArrayAlgo.hpp; sourceTree = "<group>"; };
		95879E96222BAB50009594B2 /* PriorityQueue.cpp */ = {isa = PBXFileReference; lastKnownFileType = sourcecode.cpp.cpp; path = PriorityQueue.cpp; sourceTree = "<group>"; };
		95879E97222BAB50009594B2 /* PriorityQueue.hpp */ = {isa = PBXFileReference; lastKnownFileType = sourcecode.cpp.h; path = PriorityQueue.hpp; sourceTree = "<group>"; };
		958DC62D221FB41C00E28C95 /* GraphTraversal.h */ = {isa = PBXFileReference; fileEncoding = 4; lastKnownFileType = sourcecode.c.h; path = GraphTraversal.h; sourceTree = "<group>"; };
		958DC62E221FB41C00E28C95 /* GraphTraversal.cpp */ = {isa = PBXFileReference; fileEncoding = 4; lastKnownFileType = sourcecode.cpp.cpp; path = GraphTraversal.cpp; sourceTree = "<group>"; };
/* End PBXFileReference section */

/* Begin PBXFrameworksBuildPhase section */
		95137D332120B505002B6970 /* Frameworks */ = {
			isa = PBXFrameworksBuildPhase;
			buildActionMask = 2147483647;
			files = (
			);
			runOnlyForDeploymentPostprocessing = 0;
		};
/* End PBXFrameworksBuildPhase section */

/* Begin PBXGroup section */
		95137D2D2120B505002B6970 = {
			isa = PBXGroup;
			children = (
				95879E96222BAB50009594B2 /* PriorityQueue.cpp */,
				95879E97222BAB50009594B2 /* PriorityQueue.hpp */,
				95879E93222A6626009594B2 /* ArrayAlgo.cpp */,
				95879E94222A6626009594B2 /* ArrayAlgo.hpp */,
				958DC62E221FB41C00E28C95 /* GraphTraversal.cpp */,
				958DC62D221FB41C00E28C95 /* GraphTraversal.h */,
				9517B96321B065B50000BC8D /* BinarySearch.cpp */,
				9517B96421B065B50000BC8D /* BinarySearch.h */,
				9517B95D21AE7AD70000BC8D /* Backtracking.cpp */,
				9517B95F21AE7AD70000BC8D /* Backtracking.h */,
				9517B95C21AE7AD70000BC8D /* StackAlgorithm.cpp */,
				9517B95B21AE7AD70000BC8D /* StackAlgorithm.h */,
				9517B95E21AE7AD70000BC8D /* StringProblems.cpp */,
				954DB2E621371603009E3EE5 /* Permutations.cpp */,
				954DB2E721371603009E3EE5 /* Permutations.hpp */,
				954DB2E521371603009E3EE5 /* ProblemHeaders.hpp */,
				95137D402120B568002B6970 /* GraphStructure.cpp */,
				95137D412120B568002B6970 /* GraphStructure.hpp */,
				95137D392120B505002B6970 /* main.cpp */,
				954DB2E92137168D009E3EE5 /* RecursionDynamicProgs.cpp */,
				954DB2EA2137168D009E3EE5 /* RecursionDynamicProgs.hpp */,
				954DB2EF213DB587009E3EE5 /* SortingAlgorithms.cpp */,
				954DB2F0213DB587009E3EE5 /* SortingAlgorithms.hpp */,
				951311FA21472EA60098668D /* Problems.cpp */,
				95403751214EBF31003B1617 /* TreeDataStructure.cpp */,
				95403752214EBF31003B1617 /* TreeDataStructure.hpp */,
				95137D372120B505002B6970 /* Products */,
			);
			sourceTree = "<group>";
		};
		95137D372120B505002B6970 /* Products */ = {
			isa = PBXGroup;
			children = (
				95137D362120B505002B6970 /* Algorithms */,
			);
			name = Products;
			sourceTree = "<group>";
		};
/* End PBXGroup section */

/* Begin PBXNativeTarget section */
		95137D352120B505002B6970 /* Algorithms */ = {
			isa = PBXNativeTarget;
			buildConfigurationList = 95137D3D2120B505002B6970 /* Build configuration list for PBXNativeTarget "Algorithms" */;
			buildPhases = (
				95137D322120B505002B6970 /* Sources */,
				95137D332120B505002B6970 /* Frameworks */,
				95137D342120B505002B6970 /* CopyFiles */,
			);
			buildRules = (
			);
			dependencies = (
			);
			name = Algorithms;
			productName = Algorithms;
			productReference = 95137D362120B505002B6970 /* Algorithms */;
			productType = "com.apple.product-type.tool";
		};
/* End PBXNativeTarget section */

/* Begin PBXProject section */
		95137D2E2120B505002B6970 /* Project object */ = {
			isa = PBXProject;
			attributes = {
				LastUpgradeCheck = 0940;
				ORGANIZATIONNAME = "Sandip Pal";
				TargetAttributes = {
					95137D352120B505002B6970 = {
						CreatedOnToolsVersion = 9.4.1;
					};
				};
			};
			buildConfigurationList = 95137D312120B505002B6970 /* Build configuration list for PBXProject "Algorithms" */;
			compatibilityVersion = "Xcode 9.3";
			developmentRegion = en;
			hasScannedForEncodings = 0;
			knownRegions = (
				en,
			);
			mainGroup = 95137D2D2120B505002B6970;
			productRefGroup = 95137D372120B505002B6970 /* Products */;
			projectDirPath = "";
			projectRoot = "";
			targets = (
				95137D352120B505002B6970 /* Algorithms */,
			);
		};
/* End PBXProject section */

/* Begin PBXSourcesBuildPhase section */
		95137D322120B505002B6970 /* Sources */ = {
			isa = PBXSourcesBuildPhase;
			buildActionMask = 2147483647;
			files = (
				9517B96021AE7AD70000BC8D /* StackAlgorithm.cpp in Sources */,
				958DC62F221FB41C00E28C95 /* GraphTraversal.cpp in Sources */,
				954DB2EB2137168D009E3EE5 /* RecursionDynamicProgs.cpp in Sources */,
				954DB2E821371603009E3EE5 /* Permutations.cpp in Sources */,
				9517B96521B065B50000BC8D /* BinarySearch.cpp in Sources */,
				95137D422120B568002B6970 /* GraphStructure.cpp in Sources */,
				9517B96121AE7AD70000BC8D /* Backtracking.cpp in Sources */,
				95879E98222BAB50009594B2 /* PriorityQueue.cpp in Sources */,
				95137D3A2120B505002B6970 /* main.cpp in Sources */,
				95403753214EBF31003B1617 /* TreeDataStructure.cpp in Sources */,
				954DB2F1213DB587009E3EE5 /* SortingAlgorithms.cpp in Sources */,
				9517B96221AE7AD70000BC8D /* StringProblems.cpp in Sources */,
				951311FB21472EA60098668D /* Problems.cpp in Sources */,
				95879E95222A6626009594B2 /* ArrayAlgo.cpp in Sources */,
			);
			runOnlyForDeploymentPostprocessing = 0;
		};
/* End PBXSourcesBuildPhase section */

/* Begin XCBuildConfiguration section */
		95137D3B2120B505002B6970 /* Debug */ = {
			isa = XCBuildConfiguration;
			buildSettings = {
				ALWAYS_SEARCH_USER_PATHS = NO;
				CLANG_ANALYZER_NONNULL = YES;
				CLANG_ANALYZER_NUMBER_OBJECT_CONVERSION = YES_AGGRESSIVE;
				CLANG_CXX_LANGUAGE_STANDARD = "gnu++14";
				CLANG_CXX_LIBRARY = "libc++";
				CLANG_ENABLE_MODULES = YES;
				CLANG_ENABLE_OBJC_ARC = YES;
				CLANG_ENABLE_OBJC_WEAK = YES;
				CLANG_WARN_BLOCK_CAPTURE_AUTORELEASING = YES;
				CLANG_WARN_BOOL_CONVERSION = YES;
				CLANG_WARN_COMMA = YES;
				CLANG_WARN_CONSTANT_CONVERSION = YES;
				CLANG_WARN_DEPRECATED_OBJC_IMPLEMENTATIONS = YES;
				CLANG_WARN_DIRECT_OBJC_ISA_USAGE = YES_ERROR;
				CLANG_WARN_DOCUMENTATION_COMMENTS = YES;
				CLANG_WARN_EMPTY_BODY = YES;
				CLANG_WARN_ENUM_CONVERSION = YES;
				CLANG_WARN_INFINITE_RECURSION = YES;
				CLANG_WARN_INT_CONVERSION = YES;
				CLANG_WARN_NON_LITERAL_NULL_CONVERSION = YES;
				CLANG_WARN_OBJC_IMPLICIT_RETAIN_SELF = YES;
				CLANG_WARN_OBJC_LITERAL_CONVERSION = YES;
				CLANG_WARN_OBJC_ROOT_CLASS = YES_ERROR;
				CLANG_WARN_RANGE_LOOP_ANALYSIS = YES;
				CLANG_WARN_STRICT_PROTOTYPES = YES;
				CLANG_WARN_SUSPICIOUS_MOVE = YES;
				CLANG_WARN_UNGUARDED_AVAILABILITY = YES_AGGRESSIVE;
				CLANG_WARN_UNREACHABLE_CODE = YES;
				CLANG_WARN__DUPLICATE_METHOD_MATCH = YES;
				CODE_SIGN_IDENTITY = "-";
				COPY_PHASE_STRIP = NO;
				DEBUG_INFORMATION_FORMAT = dwarf;
				ENABLE_STRICT_OBJC_MSGSEND = YES;
				ENABLE_TESTABILITY = YES;
				GCC_C_LANGUAGE_STANDARD = gnu11;
				GCC_DYNAMIC_NO_PIC = NO;
				GCC_NO_COMMON_BLOCKS = YES;
				GCC_OPTIMIZATION_LEVEL = 0;
				GCC_PREPROCESSOR_DEFINITIONS = (
					"DEBUG=1",
					"$(inherited)",
				);
				GCC_WARN_64_TO_32_BIT_CONVERSION = YES;
				GCC_WARN_ABOUT_RETURN_TYPE = YES_ERROR;
				GCC_WARN_UNDECLARED_SELECTOR = YES;
				GCC_WARN_UNINITIALIZED_AUTOS = YES_AGGRESSIVE;
				GCC_WARN_UNUSED_FUNCTION = YES;
				GCC_WARN_UNUSED_VARIABLE = YES;
				MACOSX_DEPLOYMENT_TARGET = 10.13;
				MTL_ENABLE_DEBUG_INFO = YES;
				ONLY_ACTIVE_ARCH = YES;
				SDKROOT = macosx;
			};
			name = Debug;
		};
		95137D3C2120B505002B6970 /* Release */ = {
			isa = XCBuildConfiguration;
			buildSettings = {
				ALWAYS_SEARCH_USER_PATHS = NO;
				CLANG_ANALYZER_NONNULL = YES;
				CLANG_ANALYZER_NUMBER_OBJECT_CONVERSION = YES_AGGRESSIVE;
				CLANG_CXX_LANGUAGE_STANDARD = "gnu++14";
				CLANG_CXX_LIBRARY = "libc++";
				CLANG_ENABLE_MODULES = YES;
				CLANG_ENABLE_OBJC_ARC = YES;
				CLANG_ENABLE_OBJC_WEAK = YES;
				CLANG_WARN_BLOCK_CAPTURE_AUTORELEASING = YES;
				CLANG_WARN_BOOL_CONVERSION = YES;
				CLANG_WARN_COMMA = YES;
				CLANG_WARN_CONSTANT_CONVERSION = YES;
				CLANG_WARN_DEPRECATED_OBJC_IMPLEMENTATIONS = YES;
				CLANG_WARN_DIRECT_OBJC_ISA_USAGE = YES_ERROR;
				CLANG_WARN_DOCUMENTATION_COMMENTS = YES;
				CLANG_WARN_EMPTY_BODY = YES;
				CLANG_WARN_ENUM_CONVERSION = YES;
				CLANG_WARN_INFINITE_RECURSION = YES;
				CLANG_WARN_INT_CONVERSION = YES;
				CLANG_WARN_NON_LITERAL_NULL_CONVERSION = YES;
				CLANG_WARN_OBJC_IMPLICIT_RETAIN_SELF = YES;
				CLANG_WARN_OBJC_LITERAL_CONVERSION = YES;
				CLANG_WARN_OBJC_ROOT_CLASS = YES_ERROR;
				CLANG_WARN_RANGE_LOOP_ANALYSIS = YES;
				CLANG_WARN_STRICT_PROTOTYPES = YES;
				CLANG_WARN_SUSPICIOUS_MOVE = YES;
				CLANG_WARN_UNGUARDED_AVAILABILITY = YES_AGGRESSIVE;
				CLANG_WARN_UNREACHABLE_CODE = YES;
				CLANG_WARN__DUPLICATE_METHOD_MATCH = YES;
				CODE_SIGN_IDENTITY = "-";
				COPY_PHASE_STRIP = NO;
				DEBUG_INFORMATION_FORMAT = "dwarf-with-dsym";
				ENABLE_NS_ASSERTIONS = NO;
				ENABLE_STRICT_OBJC_MSGSEND = YES;
				GCC_C_LANGUAGE_STANDARD = gnu11;
				GCC_NO_COMMON_BLOCKS = YES;
				GCC_WARN_64_TO_32_BIT_CONVERSION = YES;
				GCC_WARN_ABOUT_RETURN_TYPE = YES_ERROR;
				GCC_WARN_UNDECLARED_SELECTOR = YES;
				GCC_WARN_UNINITIALIZED_AUTOS = YES_AGGRESSIVE;
				GCC_WARN_UNUSED_FUNCTION = YES;
				GCC_WARN_UNUSED_VARIABLE = YES;
				MACOSX_DEPLOYMENT_TARGET = 10.13;
				MTL_ENABLE_DEBUG_INFO = NO;
				SDKROOT = macosx;
			};
			name = Release;
		};
		95137D3E2120B505002B6970 /* Debug */ = {
			isa = XCBuildConfiguration;
			buildSettings = {
				CODE_SIGN_STYLE = Automatic;
				PRODUCT_NAME = "$(TARGET_NAME)";
			};
			name = Debug;
		};
		95137D3F2120B505002B6970 /* Release */ = {
			isa = XCBuildConfiguration;
			buildSettings = {
				CODE_SIGN_STYLE = Automatic;
				PRODUCT_NAME = "$(TARGET_NAME)";
			};
			name = Release;
		};
/* End XCBuildConfiguration section */

/* Begin XCConfigurationList section */
		95137D312120B505002B6970 /* Build configuration list for PBXProject "Algorithms" */ = {
			isa = XCConfigurationList;
			buildConfigurations = (
				95137D3B2120B505002B6970 /* Debug */,
				95137D3C2120B505002B6970 /* Release */,
			);
			defaultConfigurationIsVisible = 0;
			defaultConfigurationName = Release;
		};
		95137D3D2120B505002B6970 /* Build configuration list for PBXNativeTarget "Algorithms" */ = {
			isa = XCConfigurationList;
			buildConfigurations = (
				95137D3E2120B505002B6970 /* Debug */,
				95137D3F2120B505002B6970 /* Release */,
			);
			defaultConfigurationIsVisible = 0;
			defaultConfigurationName = Release;
		};
/* End XCConfigurationList section */
	};
	rootObject = 95137D2E2120B505002B6970 /* Project object */;
}
